{
  "version": 4,
  "terraform_version": "1.3.7",
  "serial": 56,
  "lineage": "b723055e-1d36-0644-38f1-cbd6f66e0b11",
  "outputs": {},
  "resources": [
    {
      "mode": "managed",
      "type": "yandex_compute_image",
      "name": "centos-img",
      "provider": "provider[\"registry.terraform.io/yandex-cloud/yandex\"]",
      "instances": [
        {
          "schema_version": 0,
          "attributes": {
            "created_at": "2023-02-08T11:47:59Z",
            "description": "",
            "family": "",
            "folder_id": "b1grkq8mpmj47ec57jhn",
            "id": "fd8gabl02smo6uk0v0jo",
            "labels": null,
            "min_disk_size": 10,
            "name": "centos-stream-8",
            "os_type": null,
            "pooled": false,
            "product_ids": [
              "f2euheaeklba0t1tq5b2"
            ],
            "size": 1,
            "source_disk": null,
            "source_family": null,
            "source_image": "fd8151sv1q69mchl804a",
            "source_snapshot": null,
            "source_url": null,
            "status": "ready",
            "timeouts": null
          },
          "sensitive_attributes": [],
          "private": "eyJlMmJmYjczMC1lY2FhLTExZTYtOGY4OC0zNDM2M2JjN2M0YzAiOnsiY3JlYXRlIjozMDAwMDAwMDAwMDAsImRlbGV0ZSI6MzAwMDAwMDAwMDAwLCJ1cGRhdGUiOjMwMDAwMDAwMDAwMH19"
        }
      ]
    },
    {
      "mode": "managed",
      "type": "yandex_compute_instance",
      "name": "netology-for",
      "provider": "provider[\"registry.terraform.io/yandex-cloud/yandex\"]",
      "instances": [
        {
          "index_key": "clickhouse",
          "schema_version": 1,
          "attributes": {
            "allow_recreate": null,
            "allow_stopping_for_update": null,
            "boot_disk": [
              {
                "auto_delete": true,
                "device_name": "fhme2f6p1uqb3kun9jb2",
                "disk_id": "fhme2f6p1uqb3kun9jb2",
                "initialize_params": [
                  {
                    "block_size": 4096,
                    "description": "",
                    "image_id": "fd8gabl02smo6uk0v0jo",
                    "name": "",
                    "size": 20,
                    "snapshot_id": "",
                    "type": "network-hdd"
                  }
                ],
                "mode": "READ_WRITE"
              }
            ],
            "created_at": "2023-02-08T11:48:12Z",
            "description": "",
            "filesystem": [],
            "folder_id": "b1grkq8mpmj47ec57jhn",
            "fqdn": "fhmau6km19f96q3g06ts.auto.internal",
            "hostname": "",
            "id": "fhmau6km19f96q3g06ts",
            "labels": null,
            "local_disk": [],
            "metadata": {
              "user-data": "#cloud-config\nusers:\n  - name: egor\n    groups: sudo\n    shell: /bin/bash\n    sudo: ['ALL=(ALL) NOPASSWD:ALL']\n    ssh_authorized_keys:\n      - ssh-ed25519 AAAAC3NzaC1lZDI1NTE5AAAAIBeck0QnMTSyc0QaQeMhIlgZsHQMMXMgE2vgJJvP7Qbz egor@netology\n"
            },
            "metadata_options": [
              {
                "aws_v1_http_endpoint": 1,
                "aws_v1_http_token": 2,
                "gce_http_endpoint": 1,
                "gce_http_token": 1
              }
            ],
            "name": "clickhouse",
            "network_acceleration_type": "standard",
            "network_interface": [
              {
                "dns_record": [],
                "index": 0,
                "ip_address": "192.168.1.29",
                "ipv4": true,
                "ipv6": false,
                "ipv6_address": "",
                "ipv6_dns_record": [],
                "mac_address": "d0:0d:af:1a:96:0a",
                "nat": true,
                "nat_dns_record": [],
                "nat_ip_address": "158.160.44.239",
                "nat_ip_version": "IPV4",
                "security_group_ids": [],
                "subnet_id": "e9bcgdnl44ng3ij3k1as"
              }
            ],
            "placement_policy": [
              {
                "host_affinity_rules": [],
                "placement_group_id": ""
              }
            ],
            "platform_id": "standard-v1",
            "resources": [
              {
                "core_fraction": 100,
                "cores": 2,
                "gpus": 0,
                "memory": 4
              }
            ],
            "scheduling_policy": [
              {
                "preemptible": false
              }
            ],
            "secondary_disk": [],
            "service_account_id": "",
            "status": "running",
            "timeouts": null,
            "zone": "ru-central1-a"
          },
          "sensitive_attributes": [],
          "private": "eyJlMmJmYjczMC1lY2FhLTExZTYtOGY4OC0zNDM2M2JjN2M0YzAiOnsiY3JlYXRlIjozMDAwMDAwMDAwMDAsImRlbGV0ZSI6MzAwMDAwMDAwMDAwLCJ1cGRhdGUiOjMwMDAwMDAwMDAwMH0sInNjaGVtYV92ZXJzaW9uIjoiMSJ9",
          "dependencies": [
            "yandex_compute_image.centos-img",
            "yandex_vpc_network.net",
            "yandex_vpc_subnet.subnet"
          ]
        },
        {
          "index_key": "lighthouse",
          "schema_version": 1,
          "attributes": {
            "allow_recreate": null,
            "allow_stopping_for_update": null,
            "boot_disk": [
              {
                "auto_delete": true,
                "device_name": "fhmmafrudn2ottlki6dv",
                "disk_id": "fhmmafrudn2ottlki6dv",
                "initialize_params": [
                  {
                    "block_size": 4096,
                    "description": "",
                    "image_id": "fd8gabl02smo6uk0v0jo",
                    "name": "",
                    "size": 20,
                    "snapshot_id": "",
                    "type": "network-hdd"
                  }
                ],
                "mode": "READ_WRITE"
              }
            ],
            "created_at": "2023-02-08T11:48:12Z",
            "description": "",
            "filesystem": [],
            "folder_id": "b1grkq8mpmj47ec57jhn",
            "fqdn": "fhmh9qt44vejk7p2p0qu.auto.internal",
            "hostname": "",
            "id": "fhmh9qt44vejk7p2p0qu",
            "labels": null,
            "local_disk": [],
            "metadata": {
              "user-data": "#cloud-config\nusers:\n  - name: egor\n    groups: sudo\n    shell: /bin/bash\n    sudo: ['ALL=(ALL) NOPASSWD:ALL']\n    ssh_authorized_keys:\n      - ssh-ed25519 AAAAC3NzaC1lZDI1NTE5AAAAIBeck0QnMTSyc0QaQeMhIlgZsHQMMXMgE2vgJJvP7Qbz egor@netology\n"
            },
            "metadata_options": [
              {
                "aws_v1_http_endpoint": 1,
                "aws_v1_http_token": 2,
                "gce_http_endpoint": 1,
                "gce_http_token": 1
              }
            ],
            "name": "lighthouse",
            "network_acceleration_type": "standard",
            "network_interface": [
              {
                "dns_record": [],
                "index": 0,
                "ip_address": "192.168.1.18",
                "ipv4": true,
                "ipv6": false,
                "ipv6_address": "",
                "ipv6_dns_record": [],
                "mac_address": "d0:0d:11:4e:ba:42",
                "nat": true,
                "nat_dns_record": [],
                "nat_ip_address": "158.160.61.119",
                "nat_ip_version": "IPV4",
                "security_group_ids": [],
                "subnet_id": "e9bcgdnl44ng3ij3k1as"
              }
            ],
            "placement_policy": [
              {
                "host_affinity_rules": [],
                "placement_group_id": ""
              }
            ],
            "platform_id": "standard-v1",
            "resources": [
              {
                "core_fraction": 100,
                "cores": 2,
                "gpus": 0,
                "memory": 4
              }
            ],
            "scheduling_policy": [
              {
                "preemptible": false
              }
            ],
            "secondary_disk": [],
            "service_account_id": "",
            "status": "running",
            "timeouts": null,
            "zone": "ru-central1-a"
          },
          "sensitive_attributes": [],
          "private": "eyJlMmJmYjczMC1lY2FhLTExZTYtOGY4OC0zNDM2M2JjN2M0YzAiOnsiY3JlYXRlIjozMDAwMDAwMDAwMDAsImRlbGV0ZSI6MzAwMDAwMDAwMDAwLCJ1cGRhdGUiOjMwMDAwMDAwMDAwMH0sInNjaGVtYV92ZXJzaW9uIjoiMSJ9",
          "dependencies": [
            "yandex_compute_image.centos-img",
            "yandex_vpc_network.net",
            "yandex_vpc_subnet.subnet"
          ]
        },
        {
          "index_key": "vector",
          "schema_version": 1,
          "attributes": {
            "allow_recreate": null,
            "allow_stopping_for_update": null,
            "boot_disk": [
              {
                "auto_delete": true,
                "device_name": "fhm4vk10l48ch513jbds",
                "disk_id": "fhm4vk10l48ch513jbds",
                "initialize_params": [
                  {
                    "block_size": 4096,
                    "description": "",
                    "image_id": "fd8gabl02smo6uk0v0jo",
                    "name": "",
                    "size": 20,
                    "snapshot_id": "",
                    "type": "network-hdd"
                  }
                ],
                "mode": "READ_WRITE"
              }
            ],
            "created_at": "2023-02-08T11:48:12Z",
            "description": "",
            "filesystem": [],
            "folder_id": "b1grkq8mpmj47ec57jhn",
            "fqdn": "fhm8e9l2dp4jaksjc8cf.auto.internal",
            "hostname": "",
            "id": "fhm8e9l2dp4jaksjc8cf",
            "labels": null,
            "local_disk": [],
            "metadata": {
              "user-data": "#cloud-config\nusers:\n  - name: egor\n    groups: sudo\n    shell: /bin/bash\n    sudo: ['ALL=(ALL) NOPASSWD:ALL']\n    ssh_authorized_keys:\n      - ssh-ed25519 AAAAC3NzaC1lZDI1NTE5AAAAIBeck0QnMTSyc0QaQeMhIlgZsHQMMXMgE2vgJJvP7Qbz egor@netology\n"
            },
            "metadata_options": [
              {
                "aws_v1_http_endpoint": 1,
                "aws_v1_http_token": 2,
                "gce_http_endpoint": 1,
                "gce_http_token": 1
              }
            ],
            "name": "vector",
            "network_acceleration_type": "standard",
            "network_interface": [
              {
                "dns_record": [],
                "index": 0,
                "ip_address": "192.168.1.20",
                "ipv4": true,
                "ipv6": false,
                "ipv6_address": "",
                "ipv6_dns_record": [],
                "mac_address": "d0:0d:87:26:a2:6e",
                "nat": true,
                "nat_dns_record": [],
                "nat_ip_address": "158.160.42.2",
                "nat_ip_version": "IPV4",
                "security_group_ids": [],
                "subnet_id": "e9bcgdnl44ng3ij3k1as"
              }
            ],
            "placement_policy": [
              {
                "host_affinity_rules": [],
                "placement_group_id": ""
              }
            ],
            "platform_id": "standard-v1",
            "resources": [
              {
                "core_fraction": 100,
                "cores": 2,
                "gpus": 0,
                "memory": 4
              }
            ],
            "scheduling_policy": [
              {
                "preemptible": false
              }
            ],
            "secondary_disk": [],
            "service_account_id": "",
            "status": "running",
            "timeouts": null,
            "zone": "ru-central1-a"
          },
          "sensitive_attributes": [],
          "private": "eyJlMmJmYjczMC1lY2FhLTExZTYtOGY4OC0zNDM2M2JjN2M0YzAiOnsiY3JlYXRlIjozMDAwMDAwMDAwMDAsImRlbGV0ZSI6MzAwMDAwMDAwMDAwLCJ1cGRhdGUiOjMwMDAwMDAwMDAwMH0sInNjaGVtYV92ZXJzaW9uIjoiMSJ9",
          "dependencies": [
            "yandex_compute_image.centos-img",
            "yandex_vpc_network.net",
            "yandex_vpc_subnet.subnet"
          ]
        }
      ]
    },
    {
      "mode": "managed",
      "type": "yandex_vpc_network",
      "name": "net",
      "provider": "provider[\"registry.terraform.io/yandex-cloud/yandex\"]",
      "instances": [
        {
          "schema_version": 0,
          "attributes": {
            "created_at": "2023-02-08T11:48:00Z",
            "default_security_group_id": "",
            "description": "",
            "folder_id": "b1grkq8mpmj47ec57jhn",
            "id": "enp97uf6tnjn4rrpusan",
            "labels": {},
            "name": "netology",
            "subnet_ids": [],
            "timeouts": null
          },
          "sensitive_attributes": [],
          "private": "eyJlMmJmYjczMC1lY2FhLTExZTYtOGY4OC0zNDM2M2JjN2M0YzAiOnsiY3JlYXRlIjo2MDAwMDAwMDAwMCwiZGVsZXRlIjo2MDAwMDAwMDAwMCwidXBkYXRlIjo2MDAwMDAwMDAwMH19"
        }
      ]
    },
    {
      "mode": "managed",
      "type": "yandex_vpc_subnet",
      "name": "subnet",
      "provider": "provider[\"registry.terraform.io/yandex-cloud/yandex\"]",
      "instances": [
        {
          "schema_version": 0,
          "attributes": {
            "created_at": "2023-02-08T11:48:02Z",
            "description": "",
            "dhcp_options": [],
            "folder_id": "b1grkq8mpmj47ec57jhn",
            "id": "e9bcgdnl44ng3ij3k1as",
            "labels": {},
            "name": "subnetology",
            "network_id": "enp97uf6tnjn4rrpusan",
            "route_table_id": "",
            "timeouts": null,
            "v4_cidr_blocks": [
              "192.168.1.0/24"
            ],
            "v6_cidr_blocks": [],
            "zone": "ru-central1-a"
          },
          "sensitive_attributes": [],
          "private": "eyJlMmJmYjczMC1lY2FhLTExZTYtOGY4OC0zNDM2M2JjN2M0YzAiOnsiY3JlYXRlIjoxODAwMDAwMDAwMDAsImRlbGV0ZSI6MTgwMDAwMDAwMDAwLCJ1cGRhdGUiOjE4MDAwMDAwMDAwMH19",
          "dependencies": [
            "yandex_vpc_network.net"
          ]
        }
      ]
    }
  ],
  "check_results": null
}
